// !$*UTF8*$!
{
	archiveVersion = 1;
	classes = {
	};
	objectVersion = 50;
	objects = {

/* Begin PBXBuildFile section */
		306CB1872098D488005878A6 /* AppDelegate.swift in Sources */ = {isa = PBXBuildFile; fileRef = 306CB1862098D488005878A6 /* AppDelegate.swift */; };
		306CB1892098D488005878A6 /* art.scnassets in Resources */ = {isa = PBXBuildFile; fileRef = 306CB1882098D488005878A6 /* art.scnassets */; };
		306CB18B2098D488005878A6 /* GameViewController.swift in Sources */ = {isa = PBXBuildFile; fileRef = 306CB18A2098D488005878A6 /* GameViewController.swift */; };
		306CB18E2098D488005878A6 /* Main.storyboard in Resources */ = {isa = PBXBuildFile; fileRef = 306CB18C2098D488005878A6 /* Main.storyboard */; };
		306CB1902098D489005878A6 /* Assets.xcassets in Resources */ = {isa = PBXBuildFile; fileRef = 306CB18F2098D489005878A6 /* Assets.xcassets */; };
		306CB1932098D489005878A6 /* LaunchScreen.storyboard in Resources */ = {isa = PBXBuildFile; fileRef = 306CB1912098D489005878A6 /* LaunchScreen.storyboard */; };
		306CB19E2098D489005878A6 /* SceneKitGyroTests.swift in Sources */ = {isa = PBXBuildFile; fileRef = 306CB19D2098D489005878A6 /* SceneKitGyroTests.swift */; };
/* End PBXBuildFile section */

/* Begin PBXContainerItemProxy section */
		306CB19A2098D489005878A6 /* PBXContainerItemProxy */ = {
			isa = PBXContainerItemProxy;
			containerPortal = 306CB17B2098D488005878A6 /* Project object */;
			proxyType = 1;
			remoteGlobalIDString = 306CB1822098D488005878A6;
			remoteInfo = SceneKitGyro;
		};
/* End PBXContainerItemProxy section */

/* Begin PBXFileReference section */
		306CB1832098D488005878A6 /* SceneKitGyro.app */ = {isa = PBXFileReference; explicitFileType = wrapper.application; includeInIndex = 0; path = SceneKitGyro.app; sourceTree = BUILT_PRODUCTS_DIR; };
		306CB1862098D488005878A6 /* AppDelegate.swift */ = {isa = PBXFileReference; lastKnownFileType = sourcecode.swift; path = AppDelegate.swift; sourceTree = "<group>"; };
		306CB1882098D488005878A6 /* art.scnassets */ = {isa = PBXFileReference; lastKnownFileType = wrapper.scnassets; path = art.scnassets; sourceTree = "<group>"; };
		306CB18A2098D488005878A6 /* GameViewController.swift */ = {isa = PBXFileReference; lastKnownFileType = sourcecode.swift; path = GameViewController.swift; sourceTree = "<group>"; };
		306CB18D2098D488005878A6 /* Base */ = {isa = PBXFileReference; lastKnownFileType = file.storyboard; name = Base; path = Base.lproj/Main.storyboard; sourceTree = "<group>"; };
		306CB18F2098D489005878A6 /* Assets.xcassets */ = {isa = PBXFileReference; lastKnownFileType = folder.assetcatalog; path = Assets.xcassets; sourceTree = "<group>"; };
		306CB1922098D489005878A6 /* Base */ = {isa = PBXFileReference; lastKnownFileType = file.storyboard; name = Base; path = Base.lproj/LaunchScreen.storyboard; sourceTree = "<group>"; };
		306CB1942098D489005878A6 /* Info.plist */ = {isa = PBXFileReference; lastKnownFileType = text.plist.xml; path = Info.plist; sourceTree = "<group>"; };
		306CB1992098D489005878A6 /* SceneKitGyroTests.xctest */ = {isa = PBXFileReference; explicitFileType = wrapper.cfbundle; includeInIndex = 0; path = SceneKitGyroTests.xctest; sourceTree = BUILT_PRODUCTS_DIR; };
		306CB19D2098D489005878A6 /* SceneKitGyroTests.swift */ = {isa = PBXFileReference; lastKnownFileType = sourcecode.swift; path = SceneKitGyroTests.swift; sourceTree = "<group>"; };
		306CB19F2098D489005878A6 /* Info.plist */ = {isa = PBXFileReference; lastKnownFileType = text.plist.xml; path = Info.plist; sourceTree = "<group>"; };
/* End PBXFileReference section */

/* Begin PBXFrameworksBuildPhase section */
		306CB1802098D488005878A6 /* Frameworks */ = {
			isa = PBXFrameworksBuildPhase;
			buildActionMask = 2147483647;
			files = (
			);
			runOnlyForDeploymentPostprocessing = 0;
		};
		306CB1962098D489005878A6 /* Frameworks */ = {
			isa = PBXFrameworksBuildPhase;
			buildActionMask = 2147483647;
			files = (
			);
			runOnlyForDeploymentPostprocessing = 0;
		};
/* End PBXFrameworksBuildPhase section */

/* Begin PBXGroup section */
		306CB17A2098D488005878A6 = {
			isa = PBXGroup;
			children = (
				306CB1852098D488005878A6 /* SceneKitGyro */,
				306CB19C2098D489005878A6 /* SceneKitGyroTests */,
				306CB1842098D488005878A6 /* Products */,
			);
			sourceTree = "<group>";
		};
		306CB1842098D488005878A6 /* Products */ = {
			isa = PBXGroup;
			children = (
				306CB1832098D488005878A6 /* SceneKitGyro.app */,
				306CB1992098D489005878A6 /* SceneKitGyroTests.xctest */,
			);
			name = Products;
			sourceTree = "<group>";
		};
		306CB1852098D488005878A6 /* SceneKitGyro */ = {
			isa = PBXGroup;
			children = (
				30E676C22098E2BA009E44D2 /* controllers */,
				306CB1862098D488005878A6 /* AppDelegate.swift */,
				306CB1882098D488005878A6 /* art.scnassets */,
				306CB18C2098D488005878A6 /* Main.storyboard */,
				306CB18F2098D489005878A6 /* Assets.xcassets */,
				306CB1912098D489005878A6 /* LaunchScreen.storyboard */,
				306CB1942098D489005878A6 /* Info.plist */,
			);
			path = SceneKitGyro;
			sourceTree = "<group>";
		};
		306CB19C2098D489005878A6 /* SceneKitGyroTests */ = {
			isa = PBXGroup;
			children = (
				306CB19D2098D489005878A6 /* SceneKitGyroTests.swift */,
				306CB19F2098D489005878A6 /* Info.plist */,
			);
			path = SceneKitGyroTests;
			sourceTree = "<group>";
		};
		30E676C22098E2BA009E44D2 /* controllers */ = {
			isa = PBXGroup;
			children = (
				306CB18A2098D488005878A6 /* GameViewController.swift */,
			);
			path = controllers;
			sourceTree = "<group>";
		};
/* End PBXGroup section */

/* Begin PBXNativeTarget section */
		306CB1822098D488005878A6 /* SceneKitGyro */ = {
			isa = PBXNativeTarget;
			buildConfigurationList = 306CB1A22098D489005878A6 /* Build configuration list for PBXNativeTarget "SceneKitGyro" */;
			buildPhases = (
				306CB17F2098D488005878A6 /* Sources */,
				306CB1802098D488005878A6 /* Frameworks */,
				306CB1812098D488005878A6 /* Resources */,
			);
			buildRules = (
			);
			dependencies = (
			);
			name = SceneKitGyro;
			productName = SceneKitGyro;
			productReference = 306CB1832098D488005878A6 /* SceneKitGyro.app */;
			productType = "com.apple.product-type.application";
		};
		306CB1982098D489005878A6 /* SceneKitGyroTests */ = {
			isa = PBXNativeTarget;
			buildConfigurationList = 306CB1A52098D489005878A6 /* Build configuration list for PBXNativeTarget "SceneKitGyroTests" */;
			buildPhases = (
				306CB1952098D489005878A6 /* Sources */,
				306CB1962098D489005878A6 /* Frameworks */,
				306CB1972098D489005878A6 /* Resources */,
			);
			buildRules = (
			);
			dependencies = (
				306CB19B2098D489005878A6 /* PBXTargetDependency */,
			);
			name = SceneKitGyroTests;
			productName = SceneKitGyroTests;
			productReference = 306CB1992098D489005878A6 /* SceneKitGyroTests.xctest */;
			productType = "com.apple.product-type.bundle.unit-test";
		};
/* End PBXNativeTarget section */

/* Begin PBXProject section */
		306CB17B2098D488005878A6 /* Project object */ = {
			isa = PBXProject;
			attributes = {
				LastSwiftUpdateCheck = 0930;
				LastUpgradeCheck = 0930;
				ORGANIZATIONNAME = "Luis Ezcurdia";
				TargetAttributes = {
					306CB1822098D488005878A6 = {
						CreatedOnToolsVersion = 9.3;
						LastSwiftMigration = 1020;
					};
					306CB1982098D489005878A6 = {
						CreatedOnToolsVersion = 9.3;
						LastSwiftMigration = 1020;
						TestTargetID = 306CB1822098D488005878A6;
					};
				};
			};
			buildConfigurationList = 306CB17E2098D488005878A6 /* Build configuration list for PBXProject "SceneKitGyro" */;
			compatibilityVersion = "Xcode 9.3";
			developmentRegion = en;
			hasScannedForEncodings = 0;
			knownRegions = (
				en,
				Base,
			);
			mainGroup = 306CB17A2098D488005878A6;
			productRefGroup = 306CB1842098D488005878A6 /* Products */;
			projectDirPath = "";
			projectRoot = "";
			targets = (
				306CB1822098D488005878A6 /* SceneKitGyro */,
				306CB1982098D489005878A6 /* SceneKitGyroTests */,
			);
		};
/* End PBXProject section */

/* Begin PBXResourcesBuildPhase section */
		306CB1812098D488005878A6 /* Resources */ = {
			isa = PBXResourcesBuildPhase;
			buildActionMask = 2147483647;
			files = (
				306CB1892098D488005878A6 /* art.scnassets in Resources */,
				306CB1932098D489005878A6 /* LaunchScreen.storyboard in Resources */,
				306CB1902098D489005878A6 /* Assets.xcassets in Resources */,
				306CB18E2098D488005878A6 /* Main.storyboard in Resources */,
			);
			runOnlyForDeploymentPostprocessing = 0;
		};
		306CB1972098D489005878A6 /* Resources */ = {
			isa = PBXResourcesBuildPhase;
			buildActionMask = 2147483647;
			files = (
			);
			runOnlyForDeploymentPostprocessing = 0;
		};
/* End PBXResourcesBuildPhase section */

/* Begin PBXSourcesBuildPhase section */
		306CB17F2098D488005878A6 /* Sources */ = {
			isa = PBXSourcesBuildPhase;
			buildActionMask = 2147483647;
			files = (
				306CB18B2098D488005878A6 /* GameViewController.swift in Sources */,
				306CB1872098D488005878A6 /* AppDelegate.swift in Sources */,
			);
			runOnlyForDeploymentPostprocessing = 0;
		};
		306CB1952098D489005878A6 /* Sources */ = {
			isa = PBXSourcesBuildPhase;
			buildActionMask = 2147483647;
			files = (
				306CB19E2098D489005878A6 /* SceneKitGyroTests.swift in Sources */,
			);
			runOnlyForDeploymentPostprocessing = 0;
		};
/* End PBXSourcesBuildPhase section */

/* Begin PBXTargetDependency section */
		306CB19B2098D489005878A6 /* PBXTargetDependency */ = {
			isa = PBXTargetDependency;
			target = 306CB1822098D488005878A6 /* SceneKitGyro */;
			targetProxy = 306CB19A2098D489005878A6 /* PBXContainerItemProxy */;
		};
/* End PBXTargetDependency section */

/* Begin PBXVariantGroup section */
		306CB18C2098D488005878A6 /* Main.storyboard */ = {
			isa = PBXVariantGroup;
			children = (
				306CB18D2098D488005878A6 /* Base */,
			);
			name = Main.storyboard;
			sourceTree = "<group>";
		};
		306CB1912098D489005878A6 /* LaunchScreen.storyboard */ = {
			isa = PBXVariantGroup;
			children = (
				306CB1922098D489005878A6 /* Base */,
			);
			name = LaunchScreen.storyboard;
			sourceTree = "<group>";
		};
/* End PBXVariantGroup section */

/* Begin XCBuildConfiguration section */
		306CB1A02098D489005878A6 /* Debug */ = {
			isa = XCBuildConfiguration;
			buildSettings = {
				ALWAYS_SEARCH_USER_PATHS = NO;
				CLANG_ANALYZER_NONNULL = YES;
				CLANG_ANALYZER_NUMBER_OBJECT_CONVERSION = YES_AGGRESSIVE;
				CLANG_CXX_LANGUAGE_STANDARD = "gnu++14";
				CLANG_CXX_LIBRARY = "libc++";
				CLANG_ENABLE_MODULES = YES;
				CLANG_ENABLE_OBJC_ARC = YES;
				CLANG_ENABLE_OBJC_WEAK = YES;
				CLANG_WARN_BLOCK_CAPTURE_AUTORELEASING = YES;
				CLANG_WARN_BOOL_CONVERSION = YES;
				CLANG_WARN_COMMA = YES;
				CLANG_WARN_CONSTANT_CONVERSION = YES;
				CLANG_WARN_DEPRECATED_OBJC_IMPLEMENTATIONS = YES;
				CLANG_WARN_DIRECT_OBJC_ISA_USAGE = YES_ERROR;
				CLANG_WARN_DOCUMENTATION_COMMENTS = YES;
				CLANG_WARN_EMPTY_BODY = YES;
				CLANG_WARN_ENUM_CONVERSION = YES;
				CLANG_WARN_INFINITE_RECURSION = YES;
				CLANG_WARN_INT_CONVERSION = YES;
				CLANG_WARN_NON_LITERAL_NULL_CONVERSION = YES;
				CLANG_WARN_OBJC_IMPLICIT_RETAIN_SELF = YES;
				CLANG_WARN_OBJC_LITERAL_CONVERSION = YES;
				CLANG_WARN_OBJC_ROOT_CLASS = YES_ERROR;
				CLANG_WARN_RANGE_LOOP_ANALYSIS = YES;
				CLANG_WARN_STRICT_PROTOTYPES = YES;
				CLANG_WARN_SUSPICIOUS_MOVE = YES;
				CLANG_WARN_UNGUARDED_AVAILABILITY = YES_AGGRESSIVE;
				CLANG_WARN_UNREACHABLE_CODE = YES;
				CLANG_WARN__DUPLICATE_METHOD_MATCH = YES;
				CODE_SIGN_IDENTITY = "iPhone Developer";
				COPY_PHASE_STRIP = NO;
				DEBUG_INFORMATION_FORMAT = dwarf;
				ENABLE_STRICT_OBJC_MSGSEND = YES;
				ENABLE_TESTABILITY = YES;
				GCC_C_LANGUAGE_STANDARD = gnu11;
				GCC_DYNAMIC_NO_PIC = NO;
				GCC_NO_COMMON_BLOCKS = YES;
				GCC_OPTIMIZATION_LEVEL = 0;
				GCC_PREPROCESSOR_DEFINITIONS = (
					"DEBUG=1",
					"$(inherited)",
				);
				GCC_WARN_64_TO_32_BIT_CONVERSION = YES;
				GCC_WARN_ABOUT_RETURN_TYPE = YES_ERROR;
				GCC_WARN_UNDECLARED_SELECTOR = YES;
				GCC_WARN_UNINITIALIZED_AUTOS = YES_AGGRESSIVE;
				GCC_WARN_UNUSED_FUNCTION = YES;
				GCC_WARN_UNUSED_VARIABLE = YES;
				IPHONEOS_DEPLOYMENT_TARGET = 11.3;
				MTL_ENABLE_DEBUG_INFO = YES;
				ONLY_ACTIVE_ARCH = YES;
				SDKROOT = iphoneos;
				SWIFT_ACTIVE_COMPILATION_CONDITIONS = DEBUG;
				SWIFT_OPTIMIZATION_LEVEL = "-Onone";
			};
			name = Debug;
		};
		306CB1A12098D489005878A6 /* Release */ = {
			isa = XCBuildConfiguration;
			buildSettings = {
				ALWAYS_SEARCH_USER_PATHS = NO;
				CLANG_ANALYZER_NONNULL = YES;
				CLANG_ANALYZER_NUMBER_OBJECT_CONVERSION = YES_AGGRESSIVE;
				CLANG_CXX_LANGUAGE_STANDARD = "gnu++14";
				CLANG_CXX_LIBRARY = "libc++";
				CLANG_ENABLE_MODULES = YES;
				CLANG_ENABLE_OBJC_ARC = YES;
				CLANG_ENABLE_OBJC_WEAK = YES;
				CLANG_WARN_BLOCK_CAPTURE_AUTORELEASING = YES;
				CLANG_WARN_BOOL_CONVERSION = YES;
				CLANG_WARN_COMMA = YES;
				CLANG_WARN_CONSTANT_CONVERSION = YES;
				CLANG_WARN_DEPRECATED_OBJC_IMPLEMENTATIONS = YES;
				CLANG_WARN_DIRECT_OBJC_ISA_USAGE = YES_ERROR;
				CLANG_WARN_DOCUMENTATION_COMMENTS = YES;
				CLANG_WARN_EMPTY_BODY = YES;
				CLANG_WARN_ENUM_CONVERSION = YES;
				CLANG_WARN_INFINITE_RECURSION = YES;
				CLANG_WARN_INT_CONVERSION = YES;
				CLANG_WARN_NON_LITERAL_NULL_CONVERSION = YES;
				CLANG_WARN_OBJC_IMPLICIT_RETAIN_SELF = YES;
				CLANG_WARN_OBJC_LITERAL_CONVERSION = YES;
				CLANG_WARN_OBJC_ROOT_CLASS = YES_ERROR;
				CLANG_WARN_RANGE_LOOP_ANALYSIS = YES;
				CLANG_WARN_STRICT_PROTOTYPES = YES;
				CLANG_WARN_SUSPICIOUS_MOVE = YES;
				CLANG_WARN_UNGUARDED_AVAILABILITY = YES_AGGRESSIVE;
				CLANG_WARN_UNREACHABLE_CODE = YES;
				CLANG_WARN__DUPLICATE_METHOD_MATCH = YES;
				CODE_SIGN_IDENTITY = "iPhone Developer";
				COPY_PHASE_STRIP = NO;
				DEBUG_INFORMATION_FORMAT = "dwarf-with-dsym";
				ENABLE_NS_ASSERTIONS = NO;
				ENABLE_STRICT_OBJC_MSGSEND = YES;
				GCC_C_LANGUAGE_STANDARD = gnu11;
				GCC_NO_COMMON_BLOCKS = YES;
				GCC_WARN_64_TO_32_BIT_CONVERSION = YES;
				GCC_WARN_ABOUT_RETURN_TYPE = YES_ERROR;
				GCC_WARN_UNDECLARED_SELECTOR = YES;
				GCC_WARN_UNINITIALIZED_AUTOS = YES_AGGRESSIVE;
				GCC_WARN_UNUSED_FUNCTION = YES;
				GCC_WARN_UNUSED_VARIABLE = YES;
				IPHONEOS_DEPLOYMENT_TARGET = 11.3;
				MTL_ENABLE_DEBUG_INFO = NO;
				SDKROOT = iphoneos;
				SWIFT_COMPILATION_MODE = wholemodule;
				SWIFT_OPTIMIZATION_LEVEL = "-O";
				VALIDATE_PRODUCT = YES;
			};
			name = Release;
		};
		306CB1A32098D489005878A6 /* Debug */ = {
			isa = XCBuildConfiguration;
			buildSettings = {
				ASSETCATALOG_COMPILER_APPICON_NAME = AppIcon;
				CODE_SIGN_STYLE = Automatic;
				DEVELOPMENT_TEAM = D3XL2U7DQC;
				INFOPLIST_FILE = SceneKitGyro/Info.plist;
				LD_RUNPATH_SEARCH_PATHS = (
					"$(inherited)",
					"@executable_path/Frameworks",
				);
				PRODUCT_BUNDLE_IDENTIFIER = mx.unam.SceneKitGyro;
				PRODUCT_NAME = "$(TARGET_NAME)";
				SWIFT_VERSION = 5.0;
				TARGETED_DEVICE_FAMILY = "1,2";
			};
			name = Debug;
		};
		306CB1A42098D489005878A6 /* Release */ = {
			isa = XCBuildConfiguration;
			buildSettings = {
				ASSETCATALOG_COMPILER_APPICON_NAME = AppIcon;
				CODE_SIGN_STYLE = Automatic;
				DEVELOPMENT_TEAM = D3XL2U7DQC;
				INFOPLIST_FILE = SceneKitGyro/Info.plist;
				LD_RUNPATH_SEARCH_PATHS = (
					"$(inherited)",
					"@executable_path/Frameworks",
				);
				PRODUCT_BUNDLE_IDENTIFIER = mx.unam.SceneKitGyro;
				PRODUCT_NAME = "$(TARGET_NAME)";
				SWIFT_VERSION = 5.0;
				TARGETED_DEVICE_FAMILY = "1,2";
			};
			name = Release;
		};
		306CB1A62098D489005878A6 /* Debug */ = {
			isa = XCBuildConfiguration;
			buildSettings = {
				ALWAYS_EMBED_SWIFT_STANDARD_LIBRARIES = YES;
				BUNDLE_LOADER = "$(TEST_HOST)";
				CODE_SIGN_STYLE = Automatic;
				DEVELOPMENT_TEAM = D3XL2U7DQC;
				INFOPLIST_FILE = SceneKitGyroTests/Info.plist;
				LD_RUNPATH_SEARCH_PATHS = (
					"$(inherited)",
					"@executable_path/Frameworks",
					"@loader_path/Frameworks",
				);
				PRODUCT_BUNDLE_IDENTIFIER = mx.unam.SceneKitGyroTests;
				PRODUCT_NAME = "$(TARGET_NAME)";
				SWIFT_VERSION = 5.0;
				TARGETED_DEVICE_FAMILY = "1,2";
				TEST_HOST = "$(BUILT_PRODUCTS_DIR)/SceneKitGyro.app/SceneKitGyro";
			};
			name = Debug;
		};
		306CB1A72098D489005878A6 /* Release */ = {
			isa = XCBuildConfiguration;
			buildSettings = {
				ALWAYS_EMBED_SWIFT_STANDARD_LIBRARIES = YES;
				BUNDLE_LOADER = "$(TEST_HOST)";
				CODE_SIGN_STYLE = Automatic;
				DEVELOPMENT_TEAM = D3XL2U7DQC;
				INFOPLIST_FILE = SceneKitGyroTests/Info.plist;
				LD_RUNPATH_SEARCH_PATHS = (
					"$(inherited)",
					"@executable_path/Frameworks",
					"@loader_path/Frameworks",
				);
				PRODUCT_BUNDLE_IDENTIFIER = mx.unam.SceneKitGyroTests;
				PRODUCT_NAME = "$(TARGET_NAME)";
				SWIFT_VERSION = 5.0;
				TARGETED_DEVICE_FAMILY = "1,2";
				TEST_HOST = "$(BUILT_PRODUCTS_DIR)/SceneKitGyro.app/SceneKitGyro";
			};
			name = Release;
		};
/* End XCBuildConfiguration section */

/* Begin XCConfigurationList section */
		306CB17E2098D488005878A6 /* Build configuration list for PBXProject "SceneKitGyro" */ = {
			isa = XCConfigurationList;
			buildConfigurations = (
				306CB1A02098D489005878A6 /* Debug */,
				306CB1A12098D489005878A6 /* Release */,
			);
			defaultConfigurationIsVisible = 0;
			defaultConfigurationName = Release;
		};
		306CB1A22098D489005878A6 /* Build configuration list for PBXNativeTarget "SceneKitGyro" */ = {
			isa = XCConfigurationList;
			buildConfigurations = (
				306CB1A32098D489005878A6 /* Debug */,
				306CB1A42098D489005878A6 /* Release */,
			);
			defaultConfigurationIsVisible = 0;
			defaultConfigurationName = Release;
		};
		306CB1A52098D489005878A6 /* Build configuration list for PBXNativeTarget "SceneKitGyroTests" */ = {
			isa = XCConfigurationList;
			buildConfigurations = (
				306CB1A62098D489005878A6 /* Debug */,
				306CB1A72098D489005878A6 /* Release */,
			);
			defaultConfigurationIsVisible = 0;
			defaultConfigurationName = Release;
		};
/* End XCConfigurationList section */
	};
	rootObject = 306CB17B2098D488005878A6 /* Project object */;
}
