// !$*UTF8*$!
{
	archiveVersion = 1;
	classes = {
	};
	objectVersion = 50;
	objects = {

/* Begin PBXBuildFile section */
		30242A8A20B79F40001C01B4 /* AppDelegate.swift in Sources */ = {isa = PBXBuildFile; fileRef = 30242A8920B79F40001C01B4 /* AppDelegate.swift */; };
		30242A8C20B79F40001C01B4 /* ViewController.swift in Sources */ = {isa = PBXBuildFile; fileRef = 30242A8B20B79F40001C01B4 /* ViewController.swift */; };
		30242A8F20B79F40001C01B4 /* Main.storyboard in Resources */ = {isa = PBXBuildFile; fileRef = 30242A8D20B79F40001C01B4 /* Main.storyboard */; };
		30242A9120B79F41001C01B4 /* Assets.xcassets in Resources */ = {isa = PBXBuildFile; fileRef = 30242A9020B79F41001C01B4 /* Assets.xcassets */; };
		30242A9420B79F41001C01B4 /* LaunchScreen.storyboard in Resources */ = {isa = PBXBuildFile; fileRef = 30242A9220B79F41001C01B4 /* LaunchScreen.storyboard */; };
		30242A9F20B79F41001C01B4 /* MapKitCoreLocationTests.swift in Sources */ = {isa = PBXBuildFile; fileRef = 30242A9E20B79F41001C01B4 /* MapKitCoreLocationTests.swift */; };
		30242AAA20B86DCA001C01B4 /* Artwork.swift in Sources */ = {isa = PBXBuildFile; fileRef = 30242AA920B86DCA001C01B4 /* Artwork.swift */; };
/* End PBXBuildFile section */

/* Begin PBXContainerItemProxy section */
		30242A9B20B79F41001C01B4 /* PBXContainerItemProxy */ = {
			isa = PBXContainerItemProxy;
			containerPortal = 30242A7E20B79F40001C01B4 /* Project object */;
			proxyType = 1;
			remoteGlobalIDString = 30242A8520B79F40001C01B4;
			remoteInfo = MapKitCoreLocation;
		};
/* End PBXContainerItemProxy section */

/* Begin PBXFileReference section */
		30242A8620B79F40001C01B4 /* MapKitCoreLocation.app */ = {isa = PBXFileReference; explicitFileType = wrapper.application; includeInIndex = 0; path = MapKitCoreLocation.app; sourceTree = BUILT_PRODUCTS_DIR; };
		30242A8920B79F40001C01B4 /* AppDelegate.swift */ = {isa = PBXFileReference; lastKnownFileType = sourcecode.swift; path = AppDelegate.swift; sourceTree = "<group>"; };
		30242A8B20B79F40001C01B4 /* ViewController.swift */ = {isa = PBXFileReference; lastKnownFileType = sourcecode.swift; path = ViewController.swift; sourceTree = "<group>"; };
		30242A8E20B79F40001C01B4 /* Base */ = {isa = PBXFileReference; lastKnownFileType = file.storyboard; name = Base; path = Base.lproj/Main.storyboard; sourceTree = "<group>"; };
		30242A9020B79F41001C01B4 /* Assets.xcassets */ = {isa = PBXFileReference; lastKnownFileType = folder.assetcatalog; path = Assets.xcassets; sourceTree = "<group>"; };
		30242A9320B79F41001C01B4 /* Base */ = {isa = PBXFileReference; lastKnownFileType = file.storyboard; name = Base; path = Base.lproj/LaunchScreen.storyboard; sourceTree = "<group>"; };
		30242A9520B79F41001C01B4 /* Info.plist */ = {isa = PBXFileReference; lastKnownFileType = text.plist.xml; path = Info.plist; sourceTree = "<group>"; };
		30242A9A20B79F41001C01B4 /* MapKitCoreLocationTests.xctest */ = {isa = PBXFileReference; explicitFileType = wrapper.cfbundle; includeInIndex = 0; path = MapKitCoreLocationTests.xctest; sourceTree = BUILT_PRODUCTS_DIR; };
		30242A9E20B79F41001C01B4 /* MapKitCoreLocationTests.swift */ = {isa = PBXFileReference; lastKnownFileType = sourcecode.swift; path = MapKitCoreLocationTests.swift; sourceTree = "<group>"; };
		30242AA020B79F41001C01B4 /* Info.plist */ = {isa = PBXFileReference; lastKnownFileType = text.plist.xml; path = Info.plist; sourceTree = "<group>"; };
		30242AA920B86DCA001C01B4 /* Artwork.swift */ = {isa = PBXFileReference; lastKnownFileType = sourcecode.swift; path = Artwork.swift; sourceTree = "<group>"; };
/* End PBXFileReference section */

/* Begin PBXFrameworksBuildPhase section */
		30242A8320B79F40001C01B4 /* Frameworks */ = {
			isa = PBXFrameworksBuildPhase;
			buildActionMask = 2147483647;
			files = (
			);
			runOnlyForDeploymentPostprocessing = 0;
		};
		30242A9720B79F41001C01B4 /* Frameworks */ = {
			isa = PBXFrameworksBuildPhase;
			buildActionMask = 2147483647;
			files = (
			);
			runOnlyForDeploymentPostprocessing = 0;
		};
/* End PBXFrameworksBuildPhase section */

/* Begin PBXGroup section */
		30242A7D20B79F40001C01B4 = {
			isa = PBXGroup;
			children = (
				30242A8820B79F40001C01B4 /* MapKitCoreLocation */,
				30242A9D20B79F41001C01B4 /* MapKitCoreLocationTests */,
				30242A8720B79F40001C01B4 /* Products */,
			);
			sourceTree = "<group>";
		};
		30242A8720B79F40001C01B4 /* Products */ = {
			isa = PBXGroup;
			children = (
				30242A8620B79F40001C01B4 /* MapKitCoreLocation.app */,
				30242A9A20B79F41001C01B4 /* MapKitCoreLocationTests.xctest */,
			);
			name = Products;
			sourceTree = "<group>";
		};
		30242A8820B79F40001C01B4 /* MapKitCoreLocation */ = {
			isa = PBXGroup;
			children = (
				30242AA920B86DCA001C01B4 /* Artwork.swift */,
				30242A8B20B79F40001C01B4 /* ViewController.swift */,
				30242A8920B79F40001C01B4 /* AppDelegate.swift */,
				30242A8D20B79F40001C01B4 /* Main.storyboard */,
				30242A9020B79F41001C01B4 /* Assets.xcassets */,
				30242A9220B79F41001C01B4 /* LaunchScreen.storyboard */,
				30242A9520B79F41001C01B4 /* Info.plist */,
			);
			path = MapKitCoreLocation;
			sourceTree = "<group>";
		};
		30242A9D20B79F41001C01B4 /* MapKitCoreLocationTests */ = {
			isa = PBXGroup;
			children = (
				30242A9E20B79F41001C01B4 /* MapKitCoreLocationTests.swift */,
				30242AA020B79F41001C01B4 /* Info.plist */,
			);
			path = MapKitCoreLocationTests;
			sourceTree = "<group>";
		};
/* End PBXGroup section */

/* Begin PBXNativeTarget section */
		30242A8520B79F40001C01B4 /* MapKitCoreLocation */ = {
			isa = PBXNativeTarget;
			buildConfigurationList = 30242AA320B79F41001C01B4 /* Build configuration list for PBXNativeTarget "MapKitCoreLocation" */;
			buildPhases = (
				30242A8220B79F40001C01B4 /* Sources */,
				30242A8320B79F40001C01B4 /* Frameworks */,
				30242A8420B79F40001C01B4 /* Resources */,
			);
			buildRules = (
			);
			dependencies = (
			);
			name = MapKitCoreLocation;
			productName = MapKitCoreLocation;
			productReference = 30242A8620B79F40001C01B4 /* MapKitCoreLocation.app */;
			productType = "com.apple.product-type.application";
		};
		30242A9920B79F41001C01B4 /* MapKitCoreLocationTests */ = {
			isa = PBXNativeTarget;
			buildConfigurationList = 30242AA620B79F41001C01B4 /* Build configuration list for PBXNativeTarget "MapKitCoreLocationTests" */;
			buildPhases = (
				30242A9620B79F41001C01B4 /* Sources */,
				30242A9720B79F41001C01B4 /* Frameworks */,
				30242A9820B79F41001C01B4 /* Resources */,
			);
			buildRules = (
			);
			dependencies = (
				30242A9C20B79F41001C01B4 /* PBXTargetDependency */,
			);
			name = MapKitCoreLocationTests;
			productName = MapKitCoreLocationTests;
			productReference = 30242A9A20B79F41001C01B4 /* MapKitCoreLocationTests.xctest */;
			productType = "com.apple.product-type.bundle.unit-test";
		};
/* End PBXNativeTarget section */

/* Begin PBXProject section */
		30242A7E20B79F40001C01B4 /* Project object */ = {
			isa = PBXProject;
			attributes = {
				LastSwiftUpdateCheck = 0930;
				LastUpgradeCheck = 0930;
				ORGANIZATIONNAME = "Luis Ezcurdia";
				TargetAttributes = {
					30242A8520B79F40001C01B4 = {
						CreatedOnToolsVersion = 9.3.1;
						LastSwiftMigration = 1020;
					};
					30242A9920B79F41001C01B4 = {
						CreatedOnToolsVersion = 9.3.1;
						LastSwiftMigration = 1020;
						TestTargetID = 30242A8520B79F40001C01B4;
					};
				};
			};
			buildConfigurationList = 30242A8120B79F40001C01B4 /* Build configuration list for PBXProject "MapKitCoreLocation" */;
			compatibilityVersion = "Xcode 9.3";
			developmentRegion = en;
			hasScannedForEncodings = 0;
			knownRegions = (
				en,
				Base,
			);
			mainGroup = 30242A7D20B79F40001C01B4;
			productRefGroup = 30242A8720B79F40001C01B4 /* Products */;
			projectDirPath = "";
			projectRoot = "";
			targets = (
				30242A8520B79F40001C01B4 /* MapKitCoreLocation */,
				30242A9920B79F41001C01B4 /* MapKitCoreLocationTests */,
			);
		};
/* End PBXProject section */

/* Begin PBXResourcesBuildPhase section */
		30242A8420B79F40001C01B4 /* Resources */ = {
			isa = PBXResourcesBuildPhase;
			buildActionMask = 2147483647;
			files = (
				30242A9420B79F41001C01B4 /* LaunchScreen.storyboard in Resources */,
				30242A9120B79F41001C01B4 /* Assets.xcassets in Resources */,
				30242A8F20B79F40001C01B4 /* Main.storyboard in Resources */,
			);
			runOnlyForDeploymentPostprocessing = 0;
		};
		30242A9820B79F41001C01B4 /* Resources */ = {
			isa = PBXResourcesBuildPhase;
			buildActionMask = 2147483647;
			files = (
			);
			runOnlyForDeploymentPostprocessing = 0;
		};
/* End PBXResourcesBuildPhase section */

/* Begin PBXSourcesBuildPhase section */
		30242A8220B79F40001C01B4 /* Sources */ = {
			isa = PBXSourcesBuildPhase;
			buildActionMask = 2147483647;
			files = (
				30242A8C20B79F40001C01B4 /* ViewController.swift in Sources */,
				30242AAA20B86DCA001C01B4 /* Artwork.swift in Sources */,
				30242A8A20B79F40001C01B4 /* AppDelegate.swift in Sources */,
			);
			runOnlyForDeploymentPostprocessing = 0;
		};
		30242A9620B79F41001C01B4 /* Sources */ = {
			isa = PBXSourcesBuildPhase;
			buildActionMask = 2147483647;
			files = (
				30242A9F20B79F41001C01B4 /* MapKitCoreLocationTests.swift in Sources */,
			);
			runOnlyForDeploymentPostprocessing = 0;
		};
/* End PBXSourcesBuildPhase section */

/* Begin PBXTargetDependency section */
		30242A9C20B79F41001C01B4 /* PBXTargetDependency */ = {
			isa = PBXTargetDependency;
			target = 30242A8520B79F40001C01B4 /* MapKitCoreLocation */;
			targetProxy = 30242A9B20B79F41001C01B4 /* PBXContainerItemProxy */;
		};
/* End PBXTargetDependency section */

/* Begin PBXVariantGroup section */
		30242A8D20B79F40001C01B4 /* Main.storyboard */ = {
			isa = PBXVariantGroup;
			children = (
				30242A8E20B79F40001C01B4 /* Base */,
			);
			name = Main.storyboard;
			sourceTree = "<group>";
		};
		30242A9220B79F41001C01B4 /* LaunchScreen.storyboard */ = {
			isa = PBXVariantGroup;
			children = (
				30242A9320B79F41001C01B4 /* Base */,
			);
			name = LaunchScreen.storyboard;
			sourceTree = "<group>";
		};
/* End PBXVariantGroup section */

/* Begin XCBuildConfiguration section */
		30242AA120B79F41001C01B4 /* Debug */ = {
			isa = XCBuildConfiguration;
			buildSettings = {
				ALWAYS_SEARCH_USER_PATHS = NO;
				CLANG_ANALYZER_NONNULL = YES;
				CLANG_ANALYZER_NUMBER_OBJECT_CONVERSION = YES_AGGRESSIVE;
				CLANG_CXX_LANGUAGE_STANDARD = "gnu++14";
				CLANG_CXX_LIBRARY = "libc++";
				CLANG_ENABLE_MODULES = YES;
				CLANG_ENABLE_OBJC_ARC = YES;
				CLANG_ENABLE_OBJC_WEAK = YES;
				CLANG_WARN_BLOCK_CAPTURE_AUTORELEASING = YES;
				CLANG_WARN_BOOL_CONVERSION = YES;
				CLANG_WARN_COMMA = YES;
				CLANG_WARN_CONSTANT_CONVERSION = YES;
				CLANG_WARN_DEPRECATED_OBJC_IMPLEMENTATIONS = YES;
				CLANG_WARN_DIRECT_OBJC_ISA_USAGE = YES_ERROR;
				CLANG_WARN_DOCUMENTATION_COMMENTS = YES;
				CLANG_WARN_EMPTY_BODY = YES;
				CLANG_WARN_ENUM_CONVERSION = YES;
				CLANG_WARN_INFINITE_RECURSION = YES;
				CLANG_WARN_INT_CONVERSION = YES;
				CLANG_WARN_NON_LITERAL_NULL_CONVERSION = YES;
				CLANG_WARN_OBJC_IMPLICIT_RETAIN_SELF = YES;
				CLANG_WARN_OBJC_LITERAL_CONVERSION = YES;
				CLANG_WARN_OBJC_ROOT_CLASS = YES_ERROR;
				CLANG_WARN_RANGE_LOOP_ANALYSIS = YES;
				CLANG_WARN_STRICT_PROTOTYPES = YES;
				CLANG_WARN_SUSPICIOUS_MOVE = YES;
				CLANG_WARN_UNGUARDED_AVAILABILITY = YES_AGGRESSIVE;
				CLANG_WARN_UNREACHABLE_CODE = YES;
				CLANG_WARN__DUPLICATE_METHOD_MATCH = YES;
				CODE_SIGN_IDENTITY = "iPhone Developer";
				COPY_PHASE_STRIP = NO;
				DEBUG_INFORMATION_FORMAT = dwarf;
				ENABLE_STRICT_OBJC_MSGSEND = YES;
				ENABLE_TESTABILITY = YES;
				GCC_C_LANGUAGE_STANDARD = gnu11;
				GCC_DYNAMIC_NO_PIC = NO;
				GCC_NO_COMMON_BLOCKS = YES;
				GCC_OPTIMIZATION_LEVEL = 0;
				GCC_PREPROCESSOR_DEFINITIONS = (
					"DEBUG=1",
					"$(inherited)",
				);
				GCC_WARN_64_TO_32_BIT_CONVERSION = YES;
				GCC_WARN_ABOUT_RETURN_TYPE = YES_ERROR;
				GCC_WARN_UNDECLARED_SELECTOR = YES;
				GCC_WARN_UNINITIALIZED_AUTOS = YES_AGGRESSIVE;
				GCC_WARN_UNUSED_FUNCTION = YES;
				GCC_WARN_UNUSED_VARIABLE = YES;
				IPHONEOS_DEPLOYMENT_TARGET = 11.3;
				MTL_ENABLE_DEBUG_INFO = YES;
				ONLY_ACTIVE_ARCH = YES;
				SDKROOT = iphoneos;
				SWIFT_ACTIVE_COMPILATION_CONDITIONS = DEBUG;
				SWIFT_OPTIMIZATION_LEVEL = "-Onone";
			};
			name = Debug;
		};
		30242AA220B79F41001C01B4 /* Release */ = {
			isa = XCBuildConfiguration;
			buildSettings = {
				ALWAYS_SEARCH_USER_PATHS = NO;
				CLANG_ANALYZER_NONNULL = YES;
				CLANG_ANALYZER_NUMBER_OBJECT_CONVERSION = YES_AGGRESSIVE;
				CLANG_CXX_LANGUAGE_STANDARD = "gnu++14";
				CLANG_CXX_LIBRARY = "libc++";
				CLANG_ENABLE_MODULES = YES;
				CLANG_ENABLE_OBJC_ARC = YES;
				CLANG_ENABLE_OBJC_WEAK = YES;
				CLANG_WARN_BLOCK_CAPTURE_AUTORELEASING = YES;
				CLANG_WARN_BOOL_CONVERSION = YES;
				CLANG_WARN_COMMA = YES;
				CLANG_WARN_CONSTANT_CONVERSION = YES;
				CLANG_WARN_DEPRECATED_OBJC_IMPLEMENTATIONS = YES;
				CLANG_WARN_DIRECT_OBJC_ISA_USAGE = YES_ERROR;
				CLANG_WARN_DOCUMENTATION_COMMENTS = YES;
				CLANG_WARN_EMPTY_BODY = YES;
				CLANG_WARN_ENUM_CONVERSION = YES;
				CLANG_WARN_INFINITE_RECURSION = YES;
				CLANG_WARN_INT_CONVERSION = YES;
				CLANG_WARN_NON_LITERAL_NULL_CONVERSION = YES;
				CLANG_WARN_OBJC_IMPLICIT_RETAIN_SELF = YES;
				CLANG_WARN_OBJC_LITERAL_CONVERSION = YES;
				CLANG_WARN_OBJC_ROOT_CLASS = YES_ERROR;
				CLANG_WARN_RANGE_LOOP_ANALYSIS = YES;
				CLANG_WARN_STRICT_PROTOTYPES = YES;
				CLANG_WARN_SUSPICIOUS_MOVE = YES;
				CLANG_WARN_UNGUARDED_AVAILABILITY = YES_AGGRESSIVE;
				CLANG_WARN_UNREACHABLE_CODE = YES;
				CLANG_WARN__DUPLICATE_METHOD_MATCH = YES;
				CODE_SIGN_IDENTITY = "iPhone Developer";
				COPY_PHASE_STRIP = NO;
				DEBUG_INFORMATION_FORMAT = "dwarf-with-dsym";
				ENABLE_NS_ASSERTIONS = NO;
				ENABLE_STRICT_OBJC_MSGSEND = YES;
				GCC_C_LANGUAGE_STANDARD = gnu11;
				GCC_NO_COMMON_BLOCKS = YES;
				GCC_WARN_64_TO_32_BIT_CONVERSION = YES;
				GCC_WARN_ABOUT_RETURN_TYPE = YES_ERROR;
				GCC_WARN_UNDECLARED_SELECTOR = YES;
				GCC_WARN_UNINITIALIZED_AUTOS = YES_AGGRESSIVE;
				GCC_WARN_UNUSED_FUNCTION = YES;
				GCC_WARN_UNUSED_VARIABLE = YES;
				IPHONEOS_DEPLOYMENT_TARGET = 11.3;
				MTL_ENABLE_DEBUG_INFO = NO;
				SDKROOT = iphoneos;
				SWIFT_COMPILATION_MODE = wholemodule;
				SWIFT_OPTIMIZATION_LEVEL = "-O";
				VALIDATE_PRODUCT = YES;
			};
			name = Release;
		};
		30242AA420B79F41001C01B4 /* Debug */ = {
			isa = XCBuildConfiguration;
			buildSettings = {
				ASSETCATALOG_COMPILER_APPICON_NAME = AppIcon;
				CODE_SIGN_STYLE = Automatic;
				DEVELOPMENT_TEAM = D3XL2U7DQC;
				INFOPLIST_FILE = MapKitCoreLocation/Info.plist;
				LD_RUNPATH_SEARCH_PATHS = (
					"$(inherited)",
					"@executable_path/Frameworks",
				);
				PRODUCT_BUNDLE_IDENTIFIER = mx.unam.MapKitCoreLocation;
				PRODUCT_NAME = "$(TARGET_NAME)";
				SWIFT_VERSION = 5.0;
				TARGETED_DEVICE_FAMILY = "1,2";
			};
			name = Debug;
		};
		30242AA520B79F41001C01B4 /* Release */ = {
			isa = XCBuildConfiguration;
			buildSettings = {
				ASSETCATALOG_COMPILER_APPICON_NAME = AppIcon;
				CODE_SIGN_STYLE = Automatic;
				DEVELOPMENT_TEAM = D3XL2U7DQC;
				INFOPLIST_FILE = MapKitCoreLocation/Info.plist;
				LD_RUNPATH_SEARCH_PATHS = (
					"$(inherited)",
					"@executable_path/Frameworks",
				);
				PRODUCT_BUNDLE_IDENTIFIER = mx.unam.MapKitCoreLocation;
				PRODUCT_NAME = "$(TARGET_NAME)";
				SWIFT_VERSION = 5.0;
				TARGETED_DEVICE_FAMILY = "1,2";
			};
			name = Release;
		};
		30242AA720B79F41001C01B4 /* Debug */ = {
			isa = XCBuildConfiguration;
			buildSettings = {
				ALWAYS_EMBED_SWIFT_STANDARD_LIBRARIES = YES;
				BUNDLE_LOADER = "$(TEST_HOST)";
				CODE_SIGN_STYLE = Automatic;
				DEVELOPMENT_TEAM = D3XL2U7DQC;
				INFOPLIST_FILE = MapKitCoreLocationTests/Info.plist;
				LD_RUNPATH_SEARCH_PATHS = (
					"$(inherited)",
					"@executable_path/Frameworks",
					"@loader_path/Frameworks",
				);
				PRODUCT_BUNDLE_IDENTIFIER = mx.unam.MapKitCoreLocationTests;
				PRODUCT_NAME = "$(TARGET_NAME)";
				SWIFT_VERSION = 5.0;
				TARGETED_DEVICE_FAMILY = "1,2";
				TEST_HOST = "$(BUILT_PRODUCTS_DIR)/MapKitCoreLocation.app/MapKitCoreLocation";
			};
			name = Debug;
		};
		30242AA820B79F41001C01B4 /* Release */ = {
			isa = XCBuildConfiguration;
			buildSettings = {
				ALWAYS_EMBED_SWIFT_STANDARD_LIBRARIES = YES;
				BUNDLE_LOADER = "$(TEST_HOST)";
				CODE_SIGN_STYLE = Automatic;
				DEVELOPMENT_TEAM = D3XL2U7DQC;
				INFOPLIST_FILE = MapKitCoreLocationTests/Info.plist;
				LD_RUNPATH_SEARCH_PATHS = (
					"$(inherited)",
					"@executable_path/Frameworks",
					"@loader_path/Frameworks",
				);
				PRODUCT_BUNDLE_IDENTIFIER = mx.unam.MapKitCoreLocationTests;
				PRODUCT_NAME = "$(TARGET_NAME)";
				SWIFT_VERSION = 5.0;
				TARGETED_DEVICE_FAMILY = "1,2";
				TEST_HOST = "$(BUILT_PRODUCTS_DIR)/MapKitCoreLocation.app/MapKitCoreLocation";
			};
			name = Release;
		};
/* End XCBuildConfiguration section */

/* Begin XCConfigurationList section */
		30242A8120B79F40001C01B4 /* Build configuration list for PBXProject "MapKitCoreLocation" */ = {
			isa = XCConfigurationList;
			buildConfigurations = (
				30242AA120B79F41001C01B4 /* Debug */,
				30242AA220B79F41001C01B4 /* Release */,
			);
			defaultConfigurationIsVisible = 0;
			defaultConfigurationName = Release;
		};
		30242AA320B79F41001C01B4 /* Build configuration list for PBXNativeTarget "MapKitCoreLocation" */ = {
			isa = XCConfigurationList;
			buildConfigurations = (
				30242AA420B79F41001C01B4 /* Debug */,
				30242AA520B79F41001C01B4 /* Release */,
			);
			defaultConfigurationIsVisible = 0;
			defaultConfigurationName = Release;
		};
		30242AA620B79F41001C01B4 /* Build configuration list for PBXNativeTarget "MapKitCoreLocationTests" */ = {
			isa = XCConfigurationList;
			buildConfigurations = (
				30242AA720B79F41001C01B4 /* Debug */,
				30242AA820B79F41001C01B4 /* Release */,
			);
			defaultConfigurationIsVisible = 0;
			defaultConfigurationName = Release;
		};
/* End XCConfigurationList section */
	};
	rootObject = 30242A7E20B79F40001C01B4 /* Project object */;
}
