// !$*UTF8*$!
{
	archiveVersion = 1;
	classes = {
	};
	objectVersion = 48;
	objects = {

/* Begin PBXBuildFile section */
		30B0706E205CDC7C007AA200 /* UserService.swift in Sources */ = {isa = PBXBuildFile; fileRef = 30B0706D205CDC7C007AA200 /* UserService.swift */; };
		30B07072205CE63F007AA200 /* contacts.json in Resources */ = {isa = PBXBuildFile; fileRef = 30B07071205CE63F007AA200 /* contacts.json */; };
		30F5DEAE205CCC2A00599E9B /* AppDelegate.swift in Sources */ = {isa = PBXBuildFile; fileRef = 30F5DEAD205CCC2A00599E9B /* AppDelegate.swift */; };
		30F5DEB0205CCC2A00599E9B /* MasterViewController.swift in Sources */ = {isa = PBXBuildFile; fileRef = 30F5DEAF205CCC2A00599E9B /* MasterViewController.swift */; };
		30F5DEB2205CCC2A00599E9B /* DetailViewController.swift in Sources */ = {isa = PBXBuildFile; fileRef = 30F5DEB1205CCC2A00599E9B /* DetailViewController.swift */; };
		30F5DEB5205CCC2A00599E9B /* Main.storyboard in Resources */ = {isa = PBXBuildFile; fileRef = 30F5DEB3205CCC2A00599E9B /* Main.storyboard */; };
		30F5DEB7205CCC2A00599E9B /* Assets.xcassets in Resources */ = {isa = PBXBuildFile; fileRef = 30F5DEB6205CCC2A00599E9B /* Assets.xcassets */; };
		30F5DEBA205CCC2A00599E9B /* LaunchScreen.storyboard in Resources */ = {isa = PBXBuildFile; fileRef = 30F5DEB8205CCC2A00599E9B /* LaunchScreen.storyboard */; };
		30F5DEC5205CCC2B00599E9B /* UserTests.swift in Sources */ = {isa = PBXBuildFile; fileRef = 30F5DEC4205CCC2B00599E9B /* UserTests.swift */; };
		30F5DED3205CCE2D00599E9B /* UIColor+Theme.swift in Sources */ = {isa = PBXBuildFile; fileRef = 30F5DED2205CCE2D00599E9B /* UIColor+Theme.swift */; };
		30F5DED5205CD1B800599E9B /* User.swift in Sources */ = {isa = PBXBuildFile; fileRef = 30F5DED4205CD1B800599E9B /* User.swift */; };
		30F5DED7205CD1C600599E9B /* Gender.swift in Sources */ = {isa = PBXBuildFile; fileRef = 30F5DED6205CD1C600599E9B /* Gender.swift */; };
/* End PBXBuildFile section */

/* Begin PBXContainerItemProxy section */
		30F5DEC1205CCC2A00599E9B /* PBXContainerItemProxy */ = {
			isa = PBXContainerItemProxy;
			containerPortal = 30F5DEA2205CCC2A00599E9B /* Project object */;
			proxyType = 1;
			remoteGlobalIDString = 30F5DEA9205CCC2A00599E9B;
			remoteInfo = ModelViewController;
		};
/* End PBXContainerItemProxy section */

/* Begin PBXFileReference section */
		30B0706D205CDC7C007AA200 /* UserService.swift */ = {isa = PBXFileReference; lastKnownFileType = sourcecode.swift; path = UserService.swift; sourceTree = "<group>"; };
		30B07071205CE63F007AA200 /* contacts.json */ = {isa = PBXFileReference; fileEncoding = 4; lastKnownFileType = text.json; path = contacts.json; sourceTree = "<group>"; };
		30F5DEAA205CCC2A00599E9B /* ModelViewController.app */ = {isa = PBXFileReference; explicitFileType = wrapper.application; includeInIndex = 0; path = ModelViewController.app; sourceTree = BUILT_PRODUCTS_DIR; };
		30F5DEAD205CCC2A00599E9B /* AppDelegate.swift */ = {isa = PBXFileReference; lastKnownFileType = sourcecode.swift; path = AppDelegate.swift; sourceTree = "<group>"; };
		30F5DEAF205CCC2A00599E9B /* MasterViewController.swift */ = {isa = PBXFileReference; lastKnownFileType = sourcecode.swift; path = MasterViewController.swift; sourceTree = "<group>"; };
		30F5DEB1205CCC2A00599E9B /* DetailViewController.swift */ = {isa = PBXFileReference; lastKnownFileType = sourcecode.swift; path = DetailViewController.swift; sourceTree = "<group>"; };
		30F5DEB4205CCC2A00599E9B /* Base */ = {isa = PBXFileReference; lastKnownFileType = file.storyboard; name = Base; path = Base.lproj/Main.storyboard; sourceTree = "<group>"; };
		30F5DEB6205CCC2A00599E9B /* Assets.xcassets */ = {isa = PBXFileReference; lastKnownFileType = folder.assetcatalog; path = Assets.xcassets; sourceTree = "<group>"; };
		30F5DEB9205CCC2A00599E9B /* Base */ = {isa = PBXFileReference; lastKnownFileType = file.storyboard; name = Base; path = Base.lproj/LaunchScreen.storyboard; sourceTree = "<group>"; };
		30F5DEBB205CCC2A00599E9B /* Info.plist */ = {isa = PBXFileReference; lastKnownFileType = text.plist.xml; path = Info.plist; sourceTree = "<group>"; };
		30F5DEC0205CCC2A00599E9B /* ModelViewControllerTests.xctest */ = {isa = PBXFileReference; explicitFileType = wrapper.cfbundle; includeInIndex = 0; path = ModelViewControllerTests.xctest; sourceTree = BUILT_PRODUCTS_DIR; };
		30F5DEC4205CCC2B00599E9B /* UserTests.swift */ = {isa = PBXFileReference; lastKnownFileType = sourcecode.swift; path = UserTests.swift; sourceTree = "<group>"; };
		30F5DEC6205CCC2B00599E9B /* Info.plist */ = {isa = PBXFileReference; lastKnownFileType = text.plist.xml; path = Info.plist; sourceTree = "<group>"; };
		30F5DED2205CCE2D00599E9B /* UIColor+Theme.swift */ = {isa = PBXFileReference; lastKnownFileType = sourcecode.swift; path = "UIColor+Theme.swift"; sourceTree = "<group>"; };
		30F5DED4205CD1B800599E9B /* User.swift */ = {isa = PBXFileReference; lastKnownFileType = sourcecode.swift; path = User.swift; sourceTree = "<group>"; };
		30F5DED6205CD1C600599E9B /* Gender.swift */ = {isa = PBXFileReference; lastKnownFileType = sourcecode.swift; path = Gender.swift; sourceTree = "<group>"; };
/* End PBXFileReference section */

/* Begin PBXFrameworksBuildPhase section */
		30F5DEA7205CCC2A00599E9B /* Frameworks */ = {
			isa = PBXFrameworksBuildPhase;
			buildActionMask = 2147483647;
			files = (
			);
			runOnlyForDeploymentPostprocessing = 0;
		};
		30F5DEBD205CCC2A00599E9B /* Frameworks */ = {
			isa = PBXFrameworksBuildPhase;
			buildActionMask = 2147483647;
			files = (
			);
			runOnlyForDeploymentPostprocessing = 0;
		};
/* End PBXFrameworksBuildPhase section */

/* Begin PBXGroup section */
		30B0706B205CD30D007AA200 /* models */ = {
			isa = PBXGroup;
			children = (
				30F5DEC4205CCC2B00599E9B /* UserTests.swift */,
			);
			path = models;
			sourceTree = "<group>";
		};
		30B0706C205CDC68007AA200 /* services */ = {
			isa = PBXGroup;
			children = (
				30B0706D205CDC7C007AA200 /* UserService.swift */,
			);
			path = services;
			sourceTree = "<group>";
		};
		30F5DEA1205CCC2A00599E9B = {
			isa = PBXGroup;
			children = (
				30F5DEAC205CCC2A00599E9B /* ModelViewController */,
				30F5DEC3205CCC2B00599E9B /* ModelViewControllerTests */,
				30F5DEAB205CCC2A00599E9B /* Products */,
			);
			sourceTree = "<group>";
		};
		30F5DEAB205CCC2A00599E9B /* Products */ = {
			isa = PBXGroup;
			children = (
				30F5DEAA205CCC2A00599E9B /* ModelViewController.app */,
				30F5DEC0205CCC2A00599E9B /* ModelViewControllerTests.xctest */,
			);
			name = Products;
			sourceTree = "<group>";
		};
		30F5DEAC205CCC2A00599E9B /* ModelViewController */ = {
			isa = PBXGroup;
			children = (
				30B0706C205CDC68007AA200 /* services */,
				30F5DED1205CCE0800599E9B /* models */,
				30F5DED0205CCE0000599E9B /* controllers */,
				30F5DECF205CCDF200599E9B /* views */,
				30F5DEAD205CCC2A00599E9B /* AppDelegate.swift */,
				30F5DEB3205CCC2A00599E9B /* Main.storyboard */,
				30F5DEB6205CCC2A00599E9B /* Assets.xcassets */,
				30F5DEB8205CCC2A00599E9B /* LaunchScreen.storyboard */,
				30F5DEBB205CCC2A00599E9B /* Info.plist */,
				30B07071205CE63F007AA200 /* contacts.json */,
				30F5DED2205CCE2D00599E9B /* UIColor+Theme.swift */,
			);
			path = ModelViewController;
			sourceTree = "<group>";
		};
		30F5DEC3205CCC2B00599E9B /* ModelViewControllerTests */ = {
			isa = PBXGroup;
			children = (
				30B0706B205CD30D007AA200 /* models */,
				30F5DEC6205CCC2B00599E9B /* Info.plist */,
			);
			path = ModelViewControllerTests;
			sourceTree = "<group>";
		};
		30F5DECF205CCDF200599E9B /* views */ = {
			isa = PBXGroup;
			children = (
			);
			path = views;
			sourceTree = "<group>";
		};
		30F5DED0205CCE0000599E9B /* controllers */ = {
			isa = PBXGroup;
			children = (
				30F5DEAF205CCC2A00599E9B /* MasterViewController.swift */,
				30F5DEB1205CCC2A00599E9B /* DetailViewController.swift */,
			);
			path = controllers;
			sourceTree = "<group>";
		};
		30F5DED1205CCE0800599E9B /* models */ = {
			isa = PBXGroup;
			children = (
				30F5DED4205CD1B800599E9B /* User.swift */,
				30F5DED6205CD1C600599E9B /* Gender.swift */,
			);
			path = models;
			sourceTree = "<group>";
		};
/* End PBXGroup section */

/* Begin PBXNativeTarget section */
		30F5DEA9205CCC2A00599E9B /* ModelViewController */ = {
			isa = PBXNativeTarget;
			buildConfigurationList = 30F5DEC9205CCC2B00599E9B /* Build configuration list for PBXNativeTarget "ModelViewController" */;
			buildPhases = (
				30F5DEA6205CCC2A00599E9B /* Sources */,
				30F5DEA7205CCC2A00599E9B /* Frameworks */,
				30F5DEA8205CCC2A00599E9B /* Resources */,
			);
			buildRules = (
			);
			dependencies = (
			);
			name = ModelViewController;
			productName = ModelViewController;
			productReference = 30F5DEAA205CCC2A00599E9B /* ModelViewController.app */;
			productType = "com.apple.product-type.application";
		};
		30F5DEBF205CCC2A00599E9B /* ModelViewControllerTests */ = {
			isa = PBXNativeTarget;
			buildConfigurationList = 30F5DECC205CCC2B00599E9B /* Build configuration list for PBXNativeTarget "ModelViewControllerTests" */;
			buildPhases = (
				30F5DEBC205CCC2A00599E9B /* Sources */,
				30F5DEBD205CCC2A00599E9B /* Frameworks */,
				30F5DEBE205CCC2A00599E9B /* Resources */,
			);
			buildRules = (
			);
			dependencies = (
				30F5DEC2205CCC2A00599E9B /* PBXTargetDependency */,
			);
			name = ModelViewControllerTests;
			productName = ModelViewControllerTests;
			productReference = 30F5DEC0205CCC2A00599E9B /* ModelViewControllerTests.xctest */;
			productType = "com.apple.product-type.bundle.unit-test";
		};
/* End PBXNativeTarget section */

/* Begin PBXProject section */
		30F5DEA2205CCC2A00599E9B /* Project object */ = {
			isa = PBXProject;
			attributes = {
				LastSwiftUpdateCheck = 0920;
				LastUpgradeCheck = 1020;
				ORGANIZATIONNAME = "Luis Ezcurdia";
				TargetAttributes = {
					30F5DEA9205CCC2A00599E9B = {
						CreatedOnToolsVersion = 9.2;
						LastSwiftMigration = 1020;
						ProvisioningStyle = Automatic;
					};
					30F5DEBF205CCC2A00599E9B = {
						CreatedOnToolsVersion = 9.2;
						LastSwiftMigration = 1020;
						ProvisioningStyle = Automatic;
						TestTargetID = 30F5DEA9205CCC2A00599E9B;
					};
				};
			};
			buildConfigurationList = 30F5DEA5205CCC2A00599E9B /* Build configuration list for PBXProject "ModelViewController" */;
			compatibilityVersion = "Xcode 8.0";
			developmentRegion = en;
			hasScannedForEncodings = 0;
			knownRegions = (
				en,
				Base,
			);
			mainGroup = 30F5DEA1205CCC2A00599E9B;
			productRefGroup = 30F5DEAB205CCC2A00599E9B /* Products */;
			projectDirPath = "";
			projectRoot = "";
			targets = (
				30F5DEA9205CCC2A00599E9B /* ModelViewController */,
				30F5DEBF205CCC2A00599E9B /* ModelViewControllerTests */,
			);
		};
/* End PBXProject section */

/* Begin PBXResourcesBuildPhase section */
		30F5DEA8205CCC2A00599E9B /* Resources */ = {
			isa = PBXResourcesBuildPhase;
			buildActionMask = 2147483647;
			files = (
				30B07072205CE63F007AA200 /* contacts.json in Resources */,
				30F5DEBA205CCC2A00599E9B /* LaunchScreen.storyboard in Resources */,
				30F5DEB7205CCC2A00599E9B /* Assets.xcassets in Resources */,
				30F5DEB5205CCC2A00599E9B /* Main.storyboard in Resources */,
			);
			runOnlyForDeploymentPostprocessing = 0;
		};
		30F5DEBE205CCC2A00599E9B /* Resources */ = {
			isa = PBXResourcesBuildPhase;
			buildActionMask = 2147483647;
			files = (
			);
			runOnlyForDeploymentPostprocessing = 0;
		};
/* End PBXResourcesBuildPhase section */

/* Begin PBXSourcesBuildPhase section */
		30F5DEA6205CCC2A00599E9B /* Sources */ = {
			isa = PBXSourcesBuildPhase;
			buildActionMask = 2147483647;
			files = (
				30B0706E205CDC7C007AA200 /* UserService.swift in Sources */,
				30F5DED7205CD1C600599E9B /* Gender.swift in Sources */,
				30F5DEB2205CCC2A00599E9B /* DetailViewController.swift in Sources */,
				30F5DED3205CCE2D00599E9B /* UIColor+Theme.swift in Sources */,
				30F5DEB0205CCC2A00599E9B /* MasterViewController.swift in Sources */,
				30F5DED5205CD1B800599E9B /* User.swift in Sources */,
				30F5DEAE205CCC2A00599E9B /* AppDelegate.swift in Sources */,
			);
			runOnlyForDeploymentPostprocessing = 0;
		};
		30F5DEBC205CCC2A00599E9B /* Sources */ = {
			isa = PBXSourcesBuildPhase;
			buildActionMask = 2147483647;
			files = (
				30F5DEC5205CCC2B00599E9B /* UserTests.swift in Sources */,
			);
			runOnlyForDeploymentPostprocessing = 0;
		};
/* End PBXSourcesBuildPhase section */

/* Begin PBXTargetDependency section */
		30F5DEC2205CCC2A00599E9B /* PBXTargetDependency */ = {
			isa = PBXTargetDependency;
			target = 30F5DEA9205CCC2A00599E9B /* ModelViewController */;
			targetProxy = 30F5DEC1205CCC2A00599E9B /* PBXContainerItemProxy */;
		};
/* End PBXTargetDependency section */

/* Begin PBXVariantGroup section */
		30F5DEB3205CCC2A00599E9B /* Main.storyboard */ = {
			isa = PBXVariantGroup;
			children = (
				30F5DEB4205CCC2A00599E9B /* Base */,
			);
			name = Main.storyboard;
			sourceTree = "<group>";
		};
		30F5DEB8205CCC2A00599E9B /* LaunchScreen.storyboard */ = {
			isa = PBXVariantGroup;
			children = (
				30F5DEB9205CCC2A00599E9B /* Base */,
			);
			name = LaunchScreen.storyboard;
			sourceTree = "<group>";
		};
/* End PBXVariantGroup section */

/* Begin XCBuildConfiguration section */
		30F5DEC7205CCC2B00599E9B /* Debug */ = {
			isa = XCBuildConfiguration;
			buildSettings = {
				ALWAYS_SEARCH_USER_PATHS = NO;
				CLANG_ANALYZER_NONNULL = YES;
				CLANG_ANALYZER_NUMBER_OBJECT_CONVERSION = YES_AGGRESSIVE;
				CLANG_CXX_LANGUAGE_STANDARD = "gnu++14";
				CLANG_CXX_LIBRARY = "libc++";
				CLANG_ENABLE_MODULES = YES;
				CLANG_ENABLE_OBJC_ARC = YES;
				CLANG_WARN_BLOCK_CAPTURE_AUTORELEASING = YES;
				CLANG_WARN_BOOL_CONVERSION = YES;
				CLANG_WARN_COMMA = YES;
				CLANG_WARN_CONSTANT_CONVERSION = YES;
				CLANG_WARN_DEPRECATED_OBJC_IMPLEMENTATIONS = YES;
				CLANG_WARN_DIRECT_OBJC_ISA_USAGE = YES_ERROR;
				CLANG_WARN_DOCUMENTATION_COMMENTS = YES;
				CLANG_WARN_EMPTY_BODY = YES;
				CLANG_WARN_ENUM_CONVERSION = YES;
				CLANG_WARN_INFINITE_RECURSION = YES;
				CLANG_WARN_INT_CONVERSION = YES;
				CLANG_WARN_NON_LITERAL_NULL_CONVERSION = YES;
				CLANG_WARN_OBJC_IMPLICIT_RETAIN_SELF = YES;
				CLANG_WARN_OBJC_LITERAL_CONVERSION = YES;
				CLANG_WARN_OBJC_ROOT_CLASS = YES_ERROR;
				CLANG_WARN_RANGE_LOOP_ANALYSIS = YES;
				CLANG_WARN_STRICT_PROTOTYPES = YES;
				CLANG_WARN_SUSPICIOUS_MOVE = YES;
				CLANG_WARN_UNGUARDED_AVAILABILITY = YES_AGGRESSIVE;
				CLANG_WARN_UNREACHABLE_CODE = YES;
				CLANG_WARN__DUPLICATE_METHOD_MATCH = YES;
				CODE_SIGN_IDENTITY = "iPhone Developer";
				COPY_PHASE_STRIP = NO;
				DEBUG_INFORMATION_FORMAT = dwarf;
				ENABLE_STRICT_OBJC_MSGSEND = YES;
				ENABLE_TESTABILITY = YES;
				GCC_C_LANGUAGE_STANDARD = gnu11;
				GCC_DYNAMIC_NO_PIC = NO;
				GCC_NO_COMMON_BLOCKS = YES;
				GCC_OPTIMIZATION_LEVEL = 0;
				GCC_PREPROCESSOR_DEFINITIONS = (
					"DEBUG=1",
					"$(inherited)",
				);
				GCC_WARN_64_TO_32_BIT_CONVERSION = YES;
				GCC_WARN_ABOUT_RETURN_TYPE = YES_ERROR;
				GCC_WARN_UNDECLARED_SELECTOR = YES;
				GCC_WARN_UNINITIALIZED_AUTOS = YES_AGGRESSIVE;
				GCC_WARN_UNUSED_FUNCTION = YES;
				GCC_WARN_UNUSED_VARIABLE = YES;
				IPHONEOS_DEPLOYMENT_TARGET = 11.2;
				MTL_ENABLE_DEBUG_INFO = YES;
				ONLY_ACTIVE_ARCH = YES;
				SDKROOT = iphoneos;
				SWIFT_ACTIVE_COMPILATION_CONDITIONS = DEBUG;
				SWIFT_OPTIMIZATION_LEVEL = "-Onone";
			};
			name = Debug;
		};
		30F5DEC8205CCC2B00599E9B /* Release */ = {
			isa = XCBuildConfiguration;
			buildSettings = {
				ALWAYS_SEARCH_USER_PATHS = NO;
				CLANG_ANALYZER_NONNULL = YES;
				CLANG_ANALYZER_NUMBER_OBJECT_CONVERSION = YES_AGGRESSIVE;
				CLANG_CXX_LANGUAGE_STANDARD = "gnu++14";
				CLANG_CXX_LIBRARY = "libc++";
				CLANG_ENABLE_MODULES = YES;
				CLANG_ENABLE_OBJC_ARC = YES;
				CLANG_WARN_BLOCK_CAPTURE_AUTORELEASING = YES;
				CLANG_WARN_BOOL_CONVERSION = YES;
				CLANG_WARN_COMMA = YES;
				CLANG_WARN_CONSTANT_CONVERSION = YES;
				CLANG_WARN_DEPRECATED_OBJC_IMPLEMENTATIONS = YES;
				CLANG_WARN_DIRECT_OBJC_ISA_USAGE = YES_ERROR;
				CLANG_WARN_DOCUMENTATION_COMMENTS = YES;
				CLANG_WARN_EMPTY_BODY = YES;
				CLANG_WARN_ENUM_CONVERSION = YES;
				CLANG_WARN_INFINITE_RECURSION = YES;
				CLANG_WARN_INT_CONVERSION = YES;
				CLANG_WARN_NON_LITERAL_NULL_CONVERSION = YES;
				CLANG_WARN_OBJC_IMPLICIT_RETAIN_SELF = YES;
				CLANG_WARN_OBJC_LITERAL_CONVERSION = YES;
				CLANG_WARN_OBJC_ROOT_CLASS = YES_ERROR;
				CLANG_WARN_RANGE_LOOP_ANALYSIS = YES;
				CLANG_WARN_STRICT_PROTOTYPES = YES;
				CLANG_WARN_SUSPICIOUS_MOVE = YES;
				CLANG_WARN_UNGUARDED_AVAILABILITY = YES_AGGRESSIVE;
				CLANG_WARN_UNREACHABLE_CODE = YES;
				CLANG_WARN__DUPLICATE_METHOD_MATCH = YES;
				CODE_SIGN_IDENTITY = "iPhone Developer";
				COPY_PHASE_STRIP = NO;
				DEBUG_INFORMATION_FORMAT = "dwarf-with-dsym";
				ENABLE_NS_ASSERTIONS = NO;
				ENABLE_STRICT_OBJC_MSGSEND = YES;
				GCC_C_LANGUAGE_STANDARD = gnu11;
				GCC_NO_COMMON_BLOCKS = YES;
				GCC_WARN_64_TO_32_BIT_CONVERSION = YES;
				GCC_WARN_ABOUT_RETURN_TYPE = YES_ERROR;
				GCC_WARN_UNDECLARED_SELECTOR = YES;
				GCC_WARN_UNINITIALIZED_AUTOS = YES_AGGRESSIVE;
				GCC_WARN_UNUSED_FUNCTION = YES;
				GCC_WARN_UNUSED_VARIABLE = YES;
				IPHONEOS_DEPLOYMENT_TARGET = 11.2;
				MTL_ENABLE_DEBUG_INFO = NO;
				SDKROOT = iphoneos;
				SWIFT_OPTIMIZATION_LEVEL = "-Owholemodule";
				VALIDATE_PRODUCT = YES;
			};
			name = Release;
		};
		30F5DECA205CCC2B00599E9B /* Debug */ = {
			isa = XCBuildConfiguration;
			buildSettings = {
				ASSETCATALOG_COMPILER_APPICON_NAME = AppIcon;
				CODE_SIGN_STYLE = Automatic;
				DEVELOPMENT_TEAM = D3XL2U7DQC;
				INFOPLIST_FILE = ModelViewController/Info.plist;
				LD_RUNPATH_SEARCH_PATHS = "$(inherited) @executable_path/Frameworks";
				PRODUCT_BUNDLE_IDENTIFIER = org.ezcurdia.ModelViewController;
				PRODUCT_NAME = "$(TARGET_NAME)";
				SWIFT_VERSION = 5.0;
				TARGETED_DEVICE_FAMILY = "1,2";
			};
			name = Debug;
		};
		30F5DECB205CCC2B00599E9B /* Release */ = {
			isa = XCBuildConfiguration;
			buildSettings = {
				ASSETCATALOG_COMPILER_APPICON_NAME = AppIcon;
				CODE_SIGN_STYLE = Automatic;
				DEVELOPMENT_TEAM = D3XL2U7DQC;
				INFOPLIST_FILE = ModelViewController/Info.plist;
				LD_RUNPATH_SEARCH_PATHS = "$(inherited) @executable_path/Frameworks";
				PRODUCT_BUNDLE_IDENTIFIER = org.ezcurdia.ModelViewController;
				PRODUCT_NAME = "$(TARGET_NAME)";
				SWIFT_VERSION = 5.0;
				TARGETED_DEVICE_FAMILY = "1,2";
			};
			name = Release;
		};
		30F5DECD205CCC2B00599E9B /* Debug */ = {
			isa = XCBuildConfiguration;
			buildSettings = {
				ALWAYS_EMBED_SWIFT_STANDARD_LIBRARIES = YES;
				BUNDLE_LOADER = "$(TEST_HOST)";
				CODE_SIGN_STYLE = Automatic;
				DEVELOPMENT_TEAM = D3XL2U7DQC;
				INFOPLIST_FILE = ModelViewControllerTests/Info.plist;
				LD_RUNPATH_SEARCH_PATHS = "$(inherited) @executable_path/Frameworks @loader_path/Frameworks";
				PRODUCT_BUNDLE_IDENTIFIER = org.ezcurdia.ModelViewControllerTests;
				PRODUCT_NAME = "$(TARGET_NAME)";
				SWIFT_VERSION = 5.0;
				TARGETED_DEVICE_FAMILY = "1,2";
				TEST_HOST = "$(BUILT_PRODUCTS_DIR)/ModelViewController.app/ModelViewController";
			};
			name = Debug;
		};
		30F5DECE205CCC2B00599E9B /* Release */ = {
			isa = XCBuildConfiguration;
			buildSettings = {
				ALWAYS_EMBED_SWIFT_STANDARD_LIBRARIES = YES;
				BUNDLE_LOADER = "$(TEST_HOST)";
				CODE_SIGN_STYLE = Automatic;
				DEVELOPMENT_TEAM = D3XL2U7DQC;
				INFOPLIST_FILE = ModelViewControllerTests/Info.plist;
				LD_RUNPATH_SEARCH_PATHS = "$(inherited) @executable_path/Frameworks @loader_path/Frameworks";
				PRODUCT_BUNDLE_IDENTIFIER = org.ezcurdia.ModelViewControllerTests;
				PRODUCT_NAME = "$(TARGET_NAME)";
				SWIFT_VERSION = 5.0;
				TARGETED_DEVICE_FAMILY = "1,2";
				TEST_HOST = "$(BUILT_PRODUCTS_DIR)/ModelViewController.app/ModelViewController";
			};
			name = Release;
		};
/* End XCBuildConfiguration section */

/* Begin XCConfigurationList section */
		30F5DEA5205CCC2A00599E9B /* Build configuration list for PBXProject "ModelViewController" */ = {
			isa = XCConfigurationList;
			buildConfigurations = (
				30F5DEC7205CCC2B00599E9B /* Debug */,
				30F5DEC8205CCC2B00599E9B /* Release */,
			);
			defaultConfigurationIsVisible = 0;
			defaultConfigurationName = Release;
		};
		30F5DEC9205CCC2B00599E9B /* Build configuration list for PBXNativeTarget "ModelViewController" */ = {
			isa = XCConfigurationList;
			buildConfigurations = (
				30F5DECA205CCC2B00599E9B /* Debug */,
				30F5DECB205CCC2B00599E9B /* Release */,
			);
			defaultConfigurationIsVisible = 0;
			defaultConfigurationName = Release;
		};
		30F5DECC205CCC2B00599E9B /* Build configuration list for PBXNativeTarget "ModelViewControllerTests" */ = {
			isa = XCConfigurationList;
			buildConfigurations = (
				30F5DECD205CCC2B00599E9B /* Debug */,
				30F5DECE205CCC2B00599E9B /* Release */,
			);
			defaultConfigurationIsVisible = 0;
			defaultConfigurationName = Release;
		};
/* End XCConfigurationList section */
	};
	rootObject = 30F5DEA2205CCC2A00599E9B /* Project object */;
}
